
Microsoft Visual Studio Solution File, Format Version 12.00
# Visual Studio Version 17
VisualStudioVersion = 17.3.32901.215
MinimumVisualStudioVersion = 10.0.40219.1
Project("{FAE04EC0-301F-11D3-BF4B-00C04F79EFBC}") = "CalculatorTest", "CalculatorTest\CalculatorTest.csproj", "{C6D50506-05F9-49C8-99F5-5DAF11F96145}"
EndProject
Global
	GlobalSection(SolutionConfigurationPlatforms) = preSolution
		Debug|Any CPU = Debug|Any CPU
		Release|Any CPU = Release|Any CPU
	EndGlobalSection
	GlobalSection(ProjectConfigurationPlatforms) = postSolution
		{C6D50506-05F9-49C8-99F5-5DAF11F96145}.Debug|Any CPU.ActiveCfg = Debug|Any CPU
		{C6D50506-05F9-49C8-99F5-5DAF11F96145}.Debug|Any CPU.Build.0 = Debug|Any CPU
		{C6D50506-05F9-49C8-99F5-5DAF11F96145}.Release|Any CPU.ActiveCfg = Release|Any CPU
		{C6D50506-05F9-49C8-99F5-5DAF11F96145}.Release|Any CPU.Build.0 = Release|Any CPU
	EndGlobalSection
	GlobalSection(SolutionProperties) = preSolution
		HideSolutionNode = FALSE
	EndGlobalSection
	GlobalSection(ExtensibilityGlobals) = postSolution
		SolutionGuid = {D3F79F08-4452-4061-95A9-E9610362E1C2}
	EndGlobalSection
EndGlobal
